
Microsoft Visual Studio Solution File, Format Version 12.00
# Visual Studio Express 2012 for Windows Phone
Project("{8BC9CEB8-8B4A-11D0-8D11-00A0C91BC942}") = "ck", "ck_wp8_vs2012.vcxproj", "{D6F711BF-7249-47EE-868E-A71594F890C9}"
	ProjectSection(ProjectDependencies) = postProject
		{35557507-1EDC-4661-B793-D1744A5FA9BA} = {35557507-1EDC-4661-B793-D1744A5FA9BA}
		{9F4FFBE7-2599-45E0-835F-89CD5D7CFF47} = {9F4FFBE7-2599-45E0-835F-89CD5D7CFF47}
	EndProjectSection
EndProject
Project("{8BC9CEB8-8B4A-11D0-8D11-00A0C91BC942}") = "test", "..\test\wp8\test_wp8_vs2012.vcxproj", "{446E7CA2-9659-4B8C-BD9B-98F452822693}"
	ProjectSection(ProjectDependencies) = postProject
		{D6F711BF-7249-47EE-868E-A71594F890C9} = {D6F711BF-7249-47EE-868E-A71594F890C9}
	EndProjectSection
EndProject
Project("{8BC9CEB8-8B4A-11D0-8D11-00A0C91BC942}") = "ogg", "..\..\ext\libogg\ogg_wp8_vs2012.vcxproj", "{9F4FFBE7-2599-45E0-835F-89CD5D7CFF47}"
EndProject
Project("{8BC9CEB8-8B4A-11D0-8D11-00A0C91BC942}") = "tremor", "..\..\ext\tremor\tremor_wp8_vs2012.vcxproj", "{35557507-1EDC-4661-B793-D1744A5FA9BA}"
EndProject
Project("{8BC9CEB8-8B4A-11D0-8D11-00A0C91BC942}") = "dsptest", "..\dsptest\wp8\dsptest_wp8_vs2012.vcxproj", "{CA8BE651-1D8E-4B31-97DA-2544B0AE8C42}"
	ProjectSection(ProjectDependencies) = postProject
		{80B67791-B342-4A39-A65F-7AFD69FB8AF9} = {80B67791-B342-4A39-A65F-7AFD69FB8AF9}
		{D6F711BF-7249-47EE-868E-A71594F890C9} = {D6F711BF-7249-47EE-868E-A71594F890C9}
	EndProjectSection
EndProject
Project("{8BC9CEB8-8B4A-11D0-8D11-00A0C91BC942}") = "tinyxml", "..\..\ext\tinyxml\tinyxml_wp8_vs2012.vcxproj", "{80B67791-B342-4A39-A65F-7AFD69FB8AF9}"
EndProject
Project("{8BC9CEB8-8B4A-11D0-8D11-00A0C91BC942}") = "CricketTechnology.Audio", "api\dotnet\cknet_wp8_vs2012.vcxproj", "{74FDC22A-EB19-4786-9C1E-4E16B7AEB9EB}"
	ProjectSection(ProjectDependencies) = postProject
		{D6F711BF-7249-47EE-868E-A71594F890C9} = {D6F711BF-7249-47EE-868E-A71594F890C9}
	EndProjectSection
EndProject
Project("{FAE04EC0-301F-11D3-BF4B-00C04F79EFBC}") = "play", "..\play\wp8\play_wp8_vs2012.csproj", "{CB5AF33B-E2CD-4104-8F6B-E60D257677D7}"
EndProject
Project("{FAE04EC0-301F-11D3-BF4B-00C04F79EFBC}") = "test_dotnet", "..\test\wp8-dotnet\test_dotnet_wp8_vs2012.csproj", "{480F248D-58E3-402A-B0BC-DC42D08EC75F}"
	ProjectSection(ProjectDependencies) = postProject
		{74FDC22A-EB19-4786-9C1E-4E16B7AEB9EB} = {74FDC22A-EB19-4786-9C1E-4E16B7AEB9EB}
	EndProjectSection
EndProject
Project("{FAE04EC0-301F-11D3-BF4B-00C04F79EFBC}") = "stress", "..\stress\wp8\stress\stress_wp8_vs2012.csproj", "{437D9050-2441-4693-A155-58DB886F8A08}"
EndProject
Project("{8BC9CEB8-8B4A-11D0-8D11-00A0C91BC942}") = "stress_native", "..\stress\wp8\stress_native\stress_native_wp8_vs2012.vcxproj", "{0A0B004C-87A5-48B7-8887-351D3533EE6B}"
	ProjectSection(ProjectDependencies) = postProject
		{D6F711BF-7249-47EE-868E-A71594F890C9} = {D6F711BF-7249-47EE-868E-A71594F890C9}
	EndProjectSection
EndProject
Global
	GlobalSection(SolutionConfigurationPlatforms) = preSolution
		Debug|ARM = Debug|ARM
		Debug|Win32 = Debug|Win32
		Release|ARM = Release|ARM
		Release|Win32 = Release|Win32
	EndGlobalSection
	GlobalSection(ProjectConfigurationPlatforms) = postSolution
		{D6F711BF-7249-47EE-868E-A71594F890C9}.Debug|ARM.ActiveCfg = Debug|ARM
		{D6F711BF-7249-47EE-868E-A71594F890C9}.Debug|ARM.Build.0 = Debug|ARM
		{D6F711BF-7249-47EE-868E-A71594F890C9}.Debug|Win32.ActiveCfg = Debug|Win32
		{D6F711BF-7249-47EE-868E-A71594F890C9}.Debug|Win32.Build.0 = Debug|Win32
		{D6F711BF-7249-47EE-868E-A71594F890C9}.Release|ARM.ActiveCfg = Release|ARM
		{D6F711BF-7249-47EE-868E-A71594F890C9}.Release|ARM.Build.0 = Release|ARM
		{D6F711BF-7249-47EE-868E-A71594F890C9}.Release|Win32.ActiveCfg = Release|Win32
		{D6F711BF-7249-47EE-868E-A71594F890C9}.Release|Win32.Build.0 = Release|Win32
		{446E7CA2-9659-4B8C-BD9B-98F452822693}.Debug|ARM.ActiveCfg = Debug|ARM
		{446E7CA2-9659-4B8C-BD9B-98F452822693}.Debug|ARM.Build.0 = Debug|ARM
		{446E7CA2-9659-4B8C-BD9B-98F452822693}.Debug|ARM.Deploy.0 = Debug|ARM
		{446E7CA2-9659-4B8C-BD9B-98F452822693}.Debug|Win32.ActiveCfg = Debug|Win32
		{446E7CA2-9659-4B8C-BD9B-98F452822693}.Debug|Win32.Build.0 = Debug|Win32
		{446E7CA2-9659-4B8C-BD9B-98F452822693}.Debug|Win32.Deploy.0 = Debug|Win32
		{446E7CA2-9659-4B8C-BD9B-98F452822693}.Release|ARM.ActiveCfg = Release|ARM
		{446E7CA2-9659-4B8C-BD9B-98F452822693}.Release|ARM.Build.0 = Release|ARM
		{446E7CA2-9659-4B8C-BD9B-98F452822693}.Release|ARM.Deploy.0 = Release|ARM
		{446E7CA2-9659-4B8C-BD9B-98F452822693}.Release|Win32.ActiveCfg = Release|Win32
		{446E7CA2-9659-4B8C-BD9B-98F452822693}.Release|Win32.Build.0 = Release|Win32
		{446E7CA2-9659-4B8C-BD9B-98F452822693}.Release|Win32.Deploy.0 = Release|Win32
		{9F4FFBE7-2599-45E0-835F-89CD5D7CFF47}.Debug|ARM.ActiveCfg = Debug|ARM
		{9F4FFBE7-2599-45E0-835F-89CD5D7CFF47}.Debug|ARM.Build.0 = Debug|ARM
		{9F4FFBE7-2599-45E0-835F-89CD5D7CFF47}.Debug|Win32.ActiveCfg = Debug|Win32
		{9F4FFBE7-2599-45E0-835F-89CD5D7CFF47}.Debug|Win32.Build.0 = Debug|Win32
		{9F4FFBE7-2599-45E0-835F-89CD5D7CFF47}.Release|ARM.ActiveCfg = Release|ARM
		{9F4FFBE7-2599-45E0-835F-89CD5D7CFF47}.Release|ARM.Build.0 = Release|ARM
		{9F4FFBE7-2599-45E0-835F-89CD5D7CFF47}.Release|Win32.ActiveCfg = Release|Win32
		{9F4FFBE7-2599-45E0-835F-89CD5D7CFF47}.Release|Win32.Build.0 = Release|Win32
		{35557507-1EDC-4661-B793-D1744A5FA9BA}.Debug|ARM.ActiveCfg = Debug|ARM
		{35557507-1EDC-4661-B793-D1744A5FA9BA}.Debug|ARM.Build.0 = Debug|ARM
		{35557507-1EDC-4661-B793-D1744A5FA9BA}.Debug|Win32.ActiveCfg = Debug|Win32
		{35557507-1EDC-4661-B793-D1744A5FA9BA}.Debug|Win32.Build.0 = Debug|Win32
		{35557507-1EDC-4661-B793-D1744A5FA9BA}.Release|ARM.ActiveCfg = Release|ARM
		{35557507-1EDC-4661-B793-D1744A5FA9BA}.Release|ARM.Build.0 = Release|ARM
		{35557507-1EDC-4661-B793-D1744A5FA9BA}.Release|Win32.ActiveCfg = Release|Win32
		{35557507-1EDC-4661-B793-D1744A5FA9BA}.Release|Win32.Build.0 = Release|Win32
		{CA8BE651-1D8E-4B31-97DA-2544B0AE8C42}.Debug|ARM.ActiveCfg = Debug|ARM
		{CA8BE651-1D8E-4B31-97DA-2544B0AE8C42}.Debug|ARM.Build.0 = Debug|ARM
		{CA8BE651-1D8E-4B31-97DA-2544B0AE8C42}.Debug|ARM.Deploy.0 = Debug|ARM
		{CA8BE651-1D8E-4B31-97DA-2544B0AE8C42}.Debug|Win32.ActiveCfg = Debug|Win32
		{CA8BE651-1D8E-4B31-97DA-2544B0AE8C42}.Debug|Win32.Build.0 = Debug|Win32
		{CA8BE651-1D8E-4B31-97DA-2544B0AE8C42}.Debug|Win32.Deploy.0 = Debug|Win32
		{CA8BE651-1D8E-4B31-97DA-2544B0AE8C42}.Release|ARM.ActiveCfg = Release|ARM
		{CA8BE651-1D8E-4B31-97DA-2544B0AE8C42}.Release|ARM.Build.0 = Release|ARM
		{CA8BE651-1D8E-4B31-97DA-2544B0AE8C42}.Release|ARM.Deploy.0 = Release|ARM
		{CA8BE651-1D8E-4B31-97DA-2544B0AE8C42}.Release|Win32.ActiveCfg = Release|Win32
		{CA8BE651-1D8E-4B31-97DA-2544B0AE8C42}.Release|Win32.Build.0 = Release|Win32
		{CA8BE651-1D8E-4B31-97DA-2544B0AE8C42}.Release|Win32.Deploy.0 = Release|Win32
		{80B67791-B342-4A39-A65F-7AFD69FB8AF9}.Debug|ARM.ActiveCfg = Debug|ARM
		{80B67791-B342-4A39-A65F-7AFD69FB8AF9}.Debug|ARM.Build.0 = Debug|ARM
		{80B67791-B342-4A39-A65F-7AFD69FB8AF9}.Debug|Win32.ActiveCfg = Debug|Win32
		{80B67791-B342-4A39-A65F-7AFD69FB8AF9}.Debug|Win32.Build.0 = Debug|Win32
		{80B67791-B342-4A39-A65F-7AFD69FB8AF9}.Release|ARM.ActiveCfg = Release|ARM
		{80B67791-B342-4A39-A65F-7AFD69FB8AF9}.Release|ARM.Build.0 = Release|ARM
		{80B67791-B342-4A39-A65F-7AFD69FB8AF9}.Release|Win32.ActiveCfg = Release|Win32
		{80B67791-B342-4A39-A65F-7AFD69FB8AF9}.Release|Win32.Build.0 = Release|Win32
		{74FDC22A-EB19-4786-9C1E-4E16B7AEB9EB}.Debug|ARM.ActiveCfg = Debug|ARM
		{74FDC22A-EB19-4786-9C1E-4E16B7AEB9EB}.Debug|ARM.Build.0 = Debug|ARM
		{74FDC22A-EB19-4786-9C1E-4E16B7AEB9EB}.Debug|Win32.ActiveCfg = Debug|Win32
		{74FDC22A-EB19-4786-9C1E-4E16B7AEB9EB}.Debug|Win32.Build.0 = Debug|Win32
		{74FDC22A-EB19-4786-9C1E-4E16B7AEB9EB}.Release|ARM.ActiveCfg = Release|ARM
		{74FDC22A-EB19-4786-9C1E-4E16B7AEB9EB}.Release|ARM.Build.0 = Release|ARM
		{74FDC22A-EB19-4786-9C1E-4E16B7AEB9EB}.Release|Win32.ActiveCfg = Release|Win32
		{74FDC22A-EB19-4786-9C1E-4E16B7AEB9EB}.Release|Win32.Build.0 = Release|Win32
		{CB5AF33B-E2CD-4104-8F6B-E60D257677D7}.Debug|ARM.ActiveCfg = Debug|ARM
		{CB5AF33B-E2CD-4104-8F6B-E60D257677D7}.Debug|ARM.Build.0 = Debug|ARM
		{CB5AF33B-E2CD-4104-8F6B-E60D257677D7}.Debug|ARM.Deploy.0 = Debug|ARM
		{CB5AF33B-E2CD-4104-8F6B-E60D257677D7}.Debug|Win32.ActiveCfg = Debug|x86
		{CB5AF33B-E2CD-4104-8F6B-E60D257677D7}.Debug|Win32.Build.0 = Debug|x86
		{CB5AF33B-E2CD-4104-8F6B-E60D257677D7}.Debug|Win32.Deploy.0 = Debug|x86
		{CB5AF33B-E2CD-4104-8F6B-E60D257677D7}.Release|ARM.ActiveCfg = Release|ARM
		{CB5AF33B-E2CD-4104-8F6B-E60D257677D7}.Release|ARM.Build.0 = Release|ARM
		{CB5AF33B-E2CD-4104-8F6B-E60D257677D7}.Release|ARM.Deploy.0 = Release|ARM
		{CB5AF33B-E2CD-4104-8F6B-E60D257677D7}.Release|Win32.ActiveCfg = Release|x86
		{CB5AF33B-E2CD-4104-8F6B-E60D257677D7}.Release|Win32.Build.0 = Release|x86
		{CB5AF33B-E2CD-4104-8F6B-E60D257677D7}.Release|Win32.Deploy.0 = Release|x86
		{480F248D-58E3-402A-B0BC-DC42D08EC75F}.Debug|ARM.ActiveCfg = Debug|ARM
		{480F248D-58E3-402A-B0BC-DC42D08EC75F}.Debug|ARM.Build.0 = Debug|ARM
		{480F248D-58E3-402A-B0BC-DC42D08EC75F}.Debug|ARM.Deploy.0 = Debug|ARM
		{480F248D-58E3-402A-B0BC-DC42D08EC75F}.Debug|Win32.ActiveCfg = Debug|x86
		{480F248D-58E3-402A-B0BC-DC42D08EC75F}.Debug|Win32.Build.0 = Debug|x86
		{480F248D-58E3-402A-B0BC-DC42D08EC75F}.Debug|Win32.Deploy.0 = Debug|x86
		{480F248D-58E3-402A-B0BC-DC42D08EC75F}.Release|ARM.ActiveCfg = Release|ARM
		{480F248D-58E3-402A-B0BC-DC42D08EC75F}.Release|ARM.Build.0 = Release|ARM
		{480F248D-58E3-402A-B0BC-DC42D08EC75F}.Release|ARM.Deploy.0 = Release|ARM
		{480F248D-58E3-402A-B0BC-DC42D08EC75F}.Release|Win32.ActiveCfg = Release|x86
		{480F248D-58E3-402A-B0BC-DC42D08EC75F}.Release|Win32.Build.0 = Release|x86
		{480F248D-58E3-402A-B0BC-DC42D08EC75F}.Release|Win32.Deploy.0 = Release|x86
		{437D9050-2441-4693-A155-58DB886F8A08}.Debug|ARM.ActiveCfg = Debug|ARM
		{437D9050-2441-4693-A155-58DB886F8A08}.Debug|ARM.Build.0 = Debug|ARM
		{437D9050-2441-4693-A155-58DB886F8A08}.Debug|ARM.Deploy.0 = Debug|ARM
		{437D9050-2441-4693-A155-58DB886F8A08}.Debug|Win32.ActiveCfg = Debug|x86
		{437D9050-2441-4693-A155-58DB886F8A08}.Debug|Win32.Build.0 = Debug|x86
		{437D9050-2441-4693-A155-58DB886F8A08}.Debug|Win32.Deploy.0 = Debug|x86
		{437D9050-2441-4693-A155-58DB886F8A08}.Release|ARM.ActiveCfg = Release|ARM
		{437D9050-2441-4693-A155-58DB886F8A08}.Release|ARM.Build.0 = Release|ARM
		{437D9050-2441-4693-A155-58DB886F8A08}.Release|ARM.Deploy.0 = Release|ARM
		{437D9050-2441-4693-A155-58DB886F8A08}.Release|Win32.ActiveCfg = Release|x86
		{437D9050-2441-4693-A155-58DB886F8A08}.Release|Win32.Build.0 = Release|x86
		{437D9050-2441-4693-A155-58DB886F8A08}.Release|Win32.Deploy.0 = Release|x86
		{0A0B004C-87A5-48B7-8887-351D3533EE6B}.Debug|ARM.ActiveCfg = Debug|ARM
		{0A0B004C-87A5-48B7-8887-351D3533EE6B}.Debug|ARM.Build.0 = Debug|ARM
		{0A0B004C-87A5-48B7-8887-351D3533EE6B}.Debug|Win32.ActiveCfg = Debug|Win32
		{0A0B004C-87A5-48B7-8887-351D3533EE6B}.Debug|Win32.Build.0 = Debug|Win32
		{0A0B004C-87A5-48B7-8887-351D3533EE6B}.Release|ARM.ActiveCfg = Release|ARM
		{0A0B004C-87A5-48B7-8887-351D3533EE6B}.Release|ARM.Build.0 = Release|ARM
		{0A0B004C-87A5-48B7-8887-351D3533EE6B}.Release|Win32.ActiveCfg = Release|Win32
		{0A0B004C-87A5-48B7-8887-351D3533EE6B}.Release|Win32.Build.0 = Release|Win32
	EndGlobalSection
	GlobalSection(SolutionProperties) = preSolution
		HideSolutionNode = FALSE
	EndGlobalSection
EndGlobal
