
Microsoft Visual Studio Solution File, Format Version 12.00
# Visual Studio Express 2013 for Windows Desktop
VisualStudioVersion = 12.0.30501.0
MinimumVisualStudioVersion = 10.0.40219.1
Project("{8BC9CEB8-8B4A-11D0-8D11-00A0C91BC942}") = "hellocricket", "hellocricket_vs2013.vcxproj", "{4163B309-2163-4812-AD34-24FF2F04F82B}"
EndProject
Global
	GlobalSection(SolutionConfigurationPlatforms) = preSolution
		DebugDynamic|Win32 = DebugDynamic|Win32
		DebugDynamic|x64 = DebugDynamic|x64
		DebugStatic|Win32 = DebugStatic|Win32
		DebugStatic|x64 = DebugStatic|x64
		ReleaseDynamic|Win32 = ReleaseDynamic|Win32
		ReleaseDynamic|x64 = ReleaseDynamic|x64
		ReleaseStatic|Win32 = ReleaseStatic|Win32
		ReleaseStatic|x64 = ReleaseStatic|x64
	EndGlobalSection
	GlobalSection(ProjectConfigurationPlatforms) = postSolution
		{4163B309-2163-4812-AD34-24FF2F04F82B}.DebugDynamic|Win32.ActiveCfg = DebugDynamic|Win32
		{4163B309-2163-4812-AD34-24FF2F04F82B}.DebugDynamic|Win32.Build.0 = DebugDynamic|Win32
		{4163B309-2163-4812-AD34-24FF2F04F82B}.DebugDynamic|x64.ActiveCfg = DebugDynamic|x64
		{4163B309-2163-4812-AD34-24FF2F04F82B}.DebugDynamic|x64.Build.0 = DebugDynamic|x64
		{4163B309-2163-4812-AD34-24FF2F04F82B}.DebugStatic|Win32.ActiveCfg = DebugStatic|Win32
		{4163B309-2163-4812-AD34-24FF2F04F82B}.DebugStatic|Win32.Build.0 = DebugStatic|Win32
		{4163B309-2163-4812-AD34-24FF2F04F82B}.DebugStatic|x64.ActiveCfg = DebugStatic|x64
		{4163B309-2163-4812-AD34-24FF2F04F82B}.DebugStatic|x64.Build.0 = DebugStatic|x64
		{4163B309-2163-4812-AD34-24FF2F04F82B}.ReleaseDynamic|Win32.ActiveCfg = ReleaseDynamic|Win32
		{4163B309-2163-4812-AD34-24FF2F04F82B}.ReleaseDynamic|Win32.Build.0 = ReleaseDynamic|Win32
		{4163B309-2163-4812-AD34-24FF2F04F82B}.ReleaseDynamic|x64.ActiveCfg = ReleaseDynamic|x64
		{4163B309-2163-4812-AD34-24FF2F04F82B}.ReleaseDynamic|x64.Build.0 = ReleaseDynamic|x64
		{4163B309-2163-4812-AD34-24FF2F04F82B}.ReleaseStatic|Win32.ActiveCfg = ReleaseStatic|Win32
		{4163B309-2163-4812-AD34-24FF2F04F82B}.ReleaseStatic|Win32.Build.0 = ReleaseStatic|Win32
		{4163B309-2163-4812-AD34-24FF2F04F82B}.ReleaseStatic|x64.ActiveCfg = ReleaseStatic|x64
		{4163B309-2163-4812-AD34-24FF2F04F82B}.ReleaseStatic|x64.Build.0 = ReleaseStatic|x64
	EndGlobalSection
	GlobalSection(SolutionProperties) = preSolution
		HideSolutionNode = FALSE
	EndGlobalSection
EndGlobal
